
Microsoft Visual Studio Solution File, Format Version 12.00
# Visual Studio Version 17
VisualStudioVersion = 17.11.35312.102
MinimumVisualStudioVersion = 10.0.40219.1
Project("{FAE04EC0-301F-11D3-BF4B-00C04F79EFBC}") = "ConsoleSquare", "ConsoleSquare\ConsoleSquare.csproj", "{B25FF1BC-16BD-4CFD-8AA9-869D37E7D73E}"
EndProject
Global
	GlobalSection(SolutionConfigurationPlatforms) = preSolution
		Debug|Any CPU = Debug|Any CPU
		Release|Any CPU = Release|Any CPU
	EndGlobalSection
	GlobalSection(ProjectConfigurationPlatforms) = postSolution
		{B25FF1BC-16BD-4CFD-8AA9-869D37E7D73E}.Debug|Any CPU.ActiveCfg = Debug|Any CPU
		{B25FF1BC-16BD-4CFD-8AA9-869D37E7D73E}.Debug|Any CPU.Build.0 = Debug|Any CPU
		{B25FF1BC-16BD-4CFD-8AA9-869D37E7D73E}.Release|Any CPU.ActiveCfg = Release|Any CPU
		{B25FF1BC-16BD-4CFD-8AA9-869D37E7D73E}.Release|Any CPU.Build.0 = Release|Any CPU
	EndGlobalSection
	GlobalSection(SolutionProperties) = preSolution
		HideSolutionNode = FALSE
	EndGlobalSection
	GlobalSection(ExtensibilityGlobals) = postSolution
		SolutionGuid = {630D3649-B988-4A84-89A3-457ACFA976C0}
	EndGlobalSection
EndGlobal
